
Microsoft Visual Studio Solution File, Format Version 12.00
# Visual Studio Version 17
VisualStudioVersion = 17.14.36408.4
MinimumVisualStudioVersion = 10.0.40219.1
Project("{2150E333-8FDC-42A3-9474-1A3956D46DE8}") = "Services", "Services", "{02EA681E-C7D8-13C7-8484-4AC65E1B71E8}"
EndProject
Project("{2150E333-8FDC-42A3-9474-1A3956D46DE8}") = "Catalog", "Catalog", "{185C6F82-7A21-4EA3-8240-1CE817D39146}"
EndProject
Project("{FAE04EC0-301F-11D3-BF4B-00C04F79EFBC}") = "Catalog.API", "Services\Catalog\Catalog.API\Catalog.API.csproj", "{59991FA3-66E5-4953-97CF-ED21AFD58251}"
EndProject
Project("{2150E333-8FDC-42A3-9474-1A3956D46DE8}") = "BuildingBlocks", "BuildingBlocks", "{BF360DE8-E0B1-4539-989C-3919FE07CA37}"
EndProject
Project("{FAE04EC0-301F-11D3-BF4B-00C04F79EFBC}") = "BuildingBlocks", "BuildingBlocks\BuildingBlocks\BuildingBlocks.csproj", "{38E2A1F9-0314-4977-B3D4-35281FC35215}"
EndProject
Project("{E53339B2-1760-4266-BCC7-CA923CBCF16C}") = "docker-compose", "docker-compose.dcproj", "{81DDED9D-158B-E303-5F62-77A2896D2A5A}"
EndProject
Project("{2150E333-8FDC-42A3-9474-1A3956D46DE8}") = "Basket", "Basket", "{318246D7-F3CF-4548-B8D3-AD31A5BB9F2C}"
EndProject
Project("{FAE04EC0-301F-11D3-BF4B-00C04F79EFBC}") = "Basket.API", "Services\Basket\Basket.API\Basket.API.csproj", "{8A538721-4908-4F42-8658-8AF21877892C}"
EndProject
Project("{2150E333-8FDC-42A3-9474-1A3956D46DE8}") = "Discount", "Discount", "{E52DAF2D-99C3-4DFD-A228-4C63A7B4ACDF}"
EndProject
Project("{FAE04EC0-301F-11D3-BF4B-00C04F79EFBC}") = "Discount.Grpc", "Services\Discount\Discount.Grpc\Discount.Grpc.csproj", "{5DC70A13-907C-46AD-94F4-86B3963E42AD}"
EndProject
Project("{2150E333-8FDC-42A3-9474-1A3956D46DE8}") = "Ordering", "Ordering", "{3C5A5BBC-0A0C-46EF-B57D-0D705EFA49A2}"
EndProject
Project("{FAE04EC0-301F-11D3-BF4B-00C04F79EFBC}") = "Ordering.API", "Services\Ordering\Ordering.API\Ordering.API.csproj", "{719EB2CC-D693-4850-BDDD-8342CA40FEE2}"
EndProject
Global
	GlobalSection(SolutionConfigurationPlatforms) = preSolution
		Debug|Any CPU = Debug|Any CPU
		Release|Any CPU = Release|Any CPU
	EndGlobalSection
	GlobalSection(ProjectConfigurationPlatforms) = postSolution
		{59991FA3-66E5-4953-97CF-ED21AFD58251}.Debug|Any CPU.ActiveCfg = Debug|Any CPU
		{59991FA3-66E5-4953-97CF-ED21AFD58251}.Debug|Any CPU.Build.0 = Debug|Any CPU
		{59991FA3-66E5-4953-97CF-ED21AFD58251}.Release|Any CPU.ActiveCfg = Release|Any CPU
		{59991FA3-66E5-4953-97CF-ED21AFD58251}.Release|Any CPU.Build.0 = Release|Any CPU
		{38E2A1F9-0314-4977-B3D4-35281FC35215}.Debug|Any CPU.ActiveCfg = Debug|Any CPU
		{38E2A1F9-0314-4977-B3D4-35281FC35215}.Debug|Any CPU.Build.0 = Debug|Any CPU
		{38E2A1F9-0314-4977-B3D4-35281FC35215}.Release|Any CPU.ActiveCfg = Release|Any CPU
		{38E2A1F9-0314-4977-B3D4-35281FC35215}.Release|Any CPU.Build.0 = Release|Any CPU
		{81DDED9D-158B-E303-5F62-77A2896D2A5A}.Debug|Any CPU.ActiveCfg = Debug|Any CPU
		{81DDED9D-158B-E303-5F62-77A2896D2A5A}.Debug|Any CPU.Build.0 = Debug|Any CPU
		{81DDED9D-158B-E303-5F62-77A2896D2A5A}.Release|Any CPU.ActiveCfg = Release|Any CPU
		{81DDED9D-158B-E303-5F62-77A2896D2A5A}.Release|Any CPU.Build.0 = Release|Any CPU
		{8A538721-4908-4F42-8658-8AF21877892C}.Debug|Any CPU.ActiveCfg = Debug|Any CPU
		{8A538721-4908-4F42-8658-8AF21877892C}.Debug|Any CPU.Build.0 = Debug|Any CPU
		{8A538721-4908-4F42-8658-8AF21877892C}.Release|Any CPU.ActiveCfg = Release|Any CPU
		{8A538721-4908-4F42-8658-8AF21877892C}.Release|Any CPU.Build.0 = Release|Any CPU
		{5DC70A13-907C-46AD-94F4-86B3963E42AD}.Debug|Any CPU.ActiveCfg = Debug|Any CPU
		{5DC70A13-907C-46AD-94F4-86B3963E42AD}.Debug|Any CPU.Build.0 = Debug|Any CPU
		{5DC70A13-907C-46AD-94F4-86B3963E42AD}.Release|Any CPU.ActiveCfg = Release|Any CPU
		{5DC70A13-907C-46AD-94F4-86B3963E42AD}.Release|Any CPU.Build.0 = Release|Any CPU
		{719EB2CC-D693-4850-BDDD-8342CA40FEE2}.Debug|Any CPU.ActiveCfg = Debug|Any CPU
		{719EB2CC-D693-4850-BDDD-8342CA40FEE2}.Debug|Any CPU.Build.0 = Debug|Any CPU
		{719EB2CC-D693-4850-BDDD-8342CA40FEE2}.Release|Any CPU.ActiveCfg = Release|Any CPU
		{719EB2CC-D693-4850-BDDD-8342CA40FEE2}.Release|Any CPU.Build.0 = Release|Any CPU
	EndGlobalSection
	GlobalSection(SolutionProperties) = preSolution
		HideSolutionNode = FALSE
	EndGlobalSection
	GlobalSection(NestedProjects) = preSolution
		{185C6F82-7A21-4EA3-8240-1CE817D39146} = {02EA681E-C7D8-13C7-8484-4AC65E1B71E8}
		{59991FA3-66E5-4953-97CF-ED21AFD58251} = {185C6F82-7A21-4EA3-8240-1CE817D39146}
		{38E2A1F9-0314-4977-B3D4-35281FC35215} = {BF360DE8-E0B1-4539-989C-3919FE07CA37}
		{318246D7-F3CF-4548-B8D3-AD31A5BB9F2C} = {02EA681E-C7D8-13C7-8484-4AC65E1B71E8}
		{8A538721-4908-4F42-8658-8AF21877892C} = {318246D7-F3CF-4548-B8D3-AD31A5BB9F2C}
		{E52DAF2D-99C3-4DFD-A228-4C63A7B4ACDF} = {02EA681E-C7D8-13C7-8484-4AC65E1B71E8}
		{5DC70A13-907C-46AD-94F4-86B3963E42AD} = {E52DAF2D-99C3-4DFD-A228-4C63A7B4ACDF}
		{3C5A5BBC-0A0C-46EF-B57D-0D705EFA49A2} = {02EA681E-C7D8-13C7-8484-4AC65E1B71E8}
		{719EB2CC-D693-4850-BDDD-8342CA40FEE2} = {3C5A5BBC-0A0C-46EF-B57D-0D705EFA49A2}
	EndGlobalSection
	GlobalSection(ExtensibilityGlobals) = postSolution
		SolutionGuid = {7C1D8452-99EA-4D9B-9F62-5457D2DBAF77}
	EndGlobalSection
EndGlobal
